
Microsoft Visual Studio Solution File, Format Version 12.00
# Visual Studio 14
VisualStudioVersion = 14.0.24720.0
MinimumVisualStudioVersion = 10.0.40219.1
Project("{FAE04EC0-301F-11D3-BF4B-00C04F79EFBC}") = "UsingCodeAnalysis110", "UsingCodeAnalysis110\UsingCodeAnalysis110.csproj", "{A2E6BE92-67D6-459A-A2BF-5A8167C844B5}"
EndProject
Project("{FAE04EC0-301F-11D3-BF4B-00C04F79EFBC}") = "UsingCodeAnalysis111", "UsingCodeAnalysis111\UsingCodeAnalysis111.csproj", "{1FF12E30-6E53-433B-BA95-AB8345C8152C}"
EndProject
Project("{FAE04EC0-301F-11D3-BF4B-00C04F79EFBC}") = "Common", "Common\Common.csproj", "{529080C9-647C-4FC9-A664-B51E7A2AE5A6}"
EndProject
Global
	GlobalSection(SolutionConfigurationPlatforms) = preSolution
		Debug|Any CPU = Debug|Any CPU
		Release|Any CPU = Release|Any CPU
	EndGlobalSection
	GlobalSection(ProjectConfigurationPlatforms) = postSolution
		{A2E6BE92-67D6-459A-A2BF-5A8167C844B5}.Debug|Any CPU.ActiveCfg = Debug|Any CPU
		{A2E6BE92-67D6-459A-A2BF-5A8167C844B5}.Debug|Any CPU.Build.0 = Debug|Any CPU
		{A2E6BE92-67D6-459A-A2BF-5A8167C844B5}.Release|Any CPU.ActiveCfg = Release|Any CPU
		{A2E6BE92-67D6-459A-A2BF-5A8167C844B5}.Release|Any CPU.Build.0 = Release|Any CPU
		{1FF12E30-6E53-433B-BA95-AB8345C8152C}.Debug|Any CPU.ActiveCfg = Debug|Any CPU
		{1FF12E30-6E53-433B-BA95-AB8345C8152C}.Debug|Any CPU.Build.0 = Debug|Any CPU
		{1FF12E30-6E53-433B-BA95-AB8345C8152C}.Release|Any CPU.ActiveCfg = Release|Any CPU
		{1FF12E30-6E53-433B-BA95-AB8345C8152C}.Release|Any CPU.Build.0 = Release|Any CPU
		{529080C9-647C-4FC9-A664-B51E7A2AE5A6}.Debug|Any CPU.ActiveCfg = Debug|Any CPU
		{529080C9-647C-4FC9-A664-B51E7A2AE5A6}.Debug|Any CPU.Build.0 = Debug|Any CPU
		{529080C9-647C-4FC9-A664-B51E7A2AE5A6}.Release|Any CPU.ActiveCfg = Release|Any CPU
		{529080C9-647C-4FC9-A664-B51E7A2AE5A6}.Release|Any CPU.Build.0 = Release|Any CPU
	EndGlobalSection
	GlobalSection(SolutionProperties) = preSolution
		HideSolutionNode = FALSE
	EndGlobalSection
EndGlobal
